<?xml version="1.0" encoding="utf-8"?>
<Project ToolsVersion="4.0" xmlns="http://schemas.microsoft.com/developer/msbuild/2003">
  <ItemGroup>
    <Filter Include="Source Files">
      <UniqueIdentifier>{4FC737F1-C7A5-4376-A066-2A32D752A2FF}</UniqueIdentifier>
      <Extensions>cpp;c;cc;cxx;def;odl;idl;hpj;bat;asm;asmx</Extensions>
    </Filter>
    <Filter Include="Header Files">
      <UniqueIdentifier>{93995380-89BD-4b04-88EB-625FBE52EBFB}</UniqueIdentifier>
      <Extensions>h;hh;hpp;hxx;hm;inl;inc;xsd</Extensions>
    </Filter>
    <Filter Include="Resource Files">
      <UniqueIdentifier>{67DA6AB6-F800-4c08-8B7A-83BB121AAD01}</UniqueIdentifier>
      <Extensions>rc;ico;cur;bmp;dlg;rc2;rct;bin;rgs;gif;jpg;jpeg;jpe;resx;tiff;tif;png;wav;mfcribbon-ms</Extensions>
    </Filter>
  </ItemGroup>
  <ItemGroup>
    <ClCompile Include="src\card.cpp">
      <Filter>Source Files</Filter>
    </ClCompile>
    <ClCompile Include="src\deck.cpp">
      <Filter>Source Files</Filter>
    </ClCompile>
    <ClCompile Include="src\player.cpp">
      <Filter>Source Files</Filter>
    </ClCompile>
    <ClCompile Include="src\implementation.cpp">
      <Filter>Source Files</Filter>
    </ClCompile>
    <ClCompile Include="src\environment.cpp">
      <Filter>Source Files</Filter>
    </ClCompile>
    <ClCompile Include="src\graveyard.cpp">
      <Filter>Source Files</Filter>
    </ClCompile>
    <ClCompile Include="verifications\verify_connection.cpp">
      <Filter>Source Files</Filter>
    </ClCompile>
    <ClCompile Include="verifications\verify_sfml.cpp">
      <Filter>Source Files</Filter>
    </ClCompile>
    <ClCompile Include="SplashScreen.cpp">
      <Filter>Source Files</Filter>
    </ClCompile>
    <ClCompile Include="stdafx.cpp">
      <Filter>Source Files</Filter>
    </ClCompile>
    <ClCompile Include="PlayGame.cpp">
      <Filter>Source Files</Filter>
    </ClCompile>
    <ClCompile Include="MainMenu.cpp">
      <Filter>Source Files</Filter>
    </ClCompile>
    <ClCompile Include="main.cpp">
      <Filter>Source Files</Filter>
    </ClCompile>
    <ClCompile Include="Instructions.cpp">
      <Filter>Source Files</Filter>
    </ClCompile>
    <ClCompile Include="Game.cpp">
      <Filter>Source Files</Filter>
    </ClCompile>
    <ClCompile Include="ChooseDeck2.cpp">
      <Filter>Source Files</Filter>
    </ClCompile>
    <ClCompile Include="ChooseDeck1.cpp">
      <Filter>Source Files</Filter>
    </ClCompile>
  </ItemGroup>
  <ItemGroup>
    <ClInclude Include="src\card.h">
      <Filter>Header Files</Filter>
    </ClInclude>
    <ClInclude Include="src\deck.h">
      <Filter>Header Files</Filter>
    </ClInclude>
    <ClInclude Include="src\player.h">
      <Filter>Header Files</Filter>
    </ClInclude>
    <ClInclude Include="src\environment.h">
      <Filter>Header Files</Filter>
    </ClInclude>
    <ClInclude Include="src\graveyard.h">
      <Filter>Header Files</Filter>
    </ClInclude>
    <ClInclude Include="SplashScreen.h">
      <Filter>Header Files</Filter>
    </ClInclude>
    <ClInclude Include="stdafx.h">
      <Filter>Header Files</Filter>
    </ClInclude>
    <ClInclude Include="PlayGame.h">
      <Filter>Header Files</Filter>
    </ClInclude>
    <ClInclude Include="MainMenu.h">
      <Filter>Header Files</Filter>
    </ClInclude>
    <ClInclude Include="Instructions.h">
      <Filter>Header Files</Filter>
    </ClInclude>
    <ClInclude Include="Game.h">
      <Filter>Header Files</Filter>
    </ClInclude>
    <ClInclude Include="ChooseDeck2.h">
      <Filter>Header Files</Filter>
    </ClInclude>
    <ClInclude Include="ChooseDeck1.h">
      <Filter>Header Files</Filter>
    </ClInclude>
  </ItemGroup>
  <ItemGroup>
    <None Include="mysqlcppconn.dll" />
    <None Include="scugog_project.aps" />
    <None Include="dll\mysqlcppconn.dll" />
    <None Include="dll\openal32.dll" />
    <None Include="dll\sfml-audio-2.dll" />
    <None Include="dll\sfml-audio-d-2.dll" />
    <None Include="dll\sfml-graphics-d-2.dll" />
    <None Include="dll\sfml-network-2.dll" />
    <None Include="dll\sfml-network-d-2.dll" />
    <None Include="dll\sfml-system-d-2.dll" />
    <None Include="dll\sfml-window-d-2.dll" />
    <None Include="sfml-graphics-2.dll" />
    <None Include="sfml-system-2.dll" />
    <None Include="sfml-window-2.dll" />
    <None Include="sfml-network-2.dll" />
    <None Include="sfml-audio-2.dll" />
    <None Include="openal32.dll" />
    <None Include="resources\audio\nice_music.ogg" />
  </ItemGroup>
  <ItemGroup>
    <Font Include="resources\fonts\sansation.ttf" />
    <Font Include="resources\fonts\ARLRDBD.TTF" />
  </ItemGroup>
  <ItemGroup>
    <Image Include="resources\images\bg.jpg">
      <Filter>Resource Files</Filter>
    </Image>
    <Image Include="resources\images\black.png">
      <Filter>Resource Files</Filter>
    </Image>
    <Image Include="resources\images\carrot.png">
      <Filter>Resource Files</Filter>
    </Image>
    <Image Include="resources\images\cute_image.jpg">
      <Filter>Resource Files</Filter>
    </Image>
    <Image Include="resources\images\farm.jpg">
      <Filter>Resource Files</Filter>
    </Image>
    <Image Include="resources\images\icon.png">
      <Filter>Resource Files</Filter>
    </Image>
    <Image Include="resources\images\mm.jpg">
      <Filter>Resource Files</Filter>
    </Image>
    <Image Include="resources\images\play.jpg">
      <Filter>Resource Files</Filter>
    </Image>
    <Image Include="resources\images\Splashscreen.png">
      <Filter>Resource Files</Filter>
    </Image>
    <Image Include="..\..\..\..\..\Desktop\splash_screen.jpg">
      <Filter>Resource Files</Filter>
    </Image>
    <Image Include="resources\images\splash_screen.jpg">
      <Filter>Resource Files</Filter>
    </Image>
    <Image Include="resources\images\splash_screen.png">
      <Filter>Resource Files</Filter>
    </Image>
    <Image Include="resources\images\card_pictures\apple.png">
      <Filter>Resource Files</Filter>
    </Image>
    <Image Include="resources\images\card_pictures\beet.png">
      <Filter>Resource Files</Filter>
    </Image>
    <Image Include="resources\images\card_pictures\broccoli.png">
      <Filter>Resource Files</Filter>
    </Image>
    <Image Include="resources\images\card_pictures\brusselsprout.png">
      <Filter>Resource Files</Filter>
    </Image>
    <Image Include="resources\images\card_pictures\cabbage.png">
      <Filter>Resource Files</Filter>
    </Image>
    <Image Include="resources\images\card_pictures\carrot.png">
      <Filter>Resource Files</Filter>
    </Image>
    <Image Include="resources\images\card_pictures\cauliflower.png">
      <Filter>Resource Files</Filter>
    </Image>
    <Image Include="resources\images\card_pictures\corn.png">
      <Filter>Resource Files</Filter>
    </Image>
    <Image Include="resources\images\card_pictures\kale.png">
      <Filter>Resource Files</Filter>
    </Image>
    <Image Include="resources\images\card_pictures\onion.png">
      <Filter>Resource Files</Filter>
    </Image>
    <Image Include="resources\images\card_pictures\orange.png">
      <Filter>Resource Files</Filter>
    </Image>
    <Image Include="resources\images\card_pictures\peach.png">
      <Filter>Resource Files</Filter>
    </Image>
    <Image Include="resources\images\card_pictures\pear.png">
      <Filter>Resource Files</Filter>
    </Image>
    <Image Include="resources\images\card_pictures\pepper.png">
      <Filter>Resource Files</Filter>
    </Image>
    <Image Include="resources\images\card_pictures\pineapple.png">
      <Filter>Resource Files</Filter>
    </Image>
    <Image Include="resources\images\card_pictures\pomegranate.png">
      <Filter>Resource Files</Filter>
    </Image>
    <Image Include="resources\images\card_pictures\potato.png">
      <Filter>Resource Files</Filter>
    </Image>
    <Image Include="resources\images\card_pictures\pumpkin.png">
      <Filter>Resource Files</Filter>
    </Image>
    <Image Include="resources\images\card_pictures\radish.png">
      <Filter>Resource Files</Filter>
    </Image>
    <Image Include="resources\images\card_pictures\spinach.png">
      <Filter>Resource Files</Filter>
    </Image>
    <Image Include="resources\images\card_pictures\turnip.png">
      <Filter>Resource Files</Filter>
    </Image>
    <Image Include="resources\images\hardy_veggies.png">
      <Filter>Resource Files</Filter>
    </Image>
    <Image Include="resources\images\money.png">
      <Filter>Resource Files</Filter>
    </Image>
    <Image Include="resources\images\sugar_rush_fruits.png">
      <Filter>Resource Files</Filter>
    </Image>
    <Image Include="..\..\..\..\..\Desktop\splash_screen2.png">
      <Filter>Resource Files</Filter>
    </Image>
    <Image Include="resources\images\card_pictures\cardc.png">
      <Filter>Resource Files</Filter>
    </Image>
    <Image Include="resources\images\card_pictures\cherry.png">
      <Filter>Resource Files</Filter>
    </Image>
    <Image Include="resources\images\card_pictures\grapes.png">
      <Filter>Resource Files</Filter>
    </Image>
    <Image Include="resources\images\card_pictures\kiwi.png">
      <Filter>Resource Files</Filter>
    </Image>
    <Image Include="resources\images\card_pictures\mango.png">
      <Filter>Resource Files</Filter>
    </Image>
    <Image Include="resources\images\card_pictures\raspberry.png">
      <Filter>Resource Files</Filter>
    </Image>
    <Image Include="resources\images\card_pictures\strawberry.png">
      <Filter>Resource Files</Filter>
    </Image>
    <Image Include="resources\images\card_pictures\banana.png">
      <Filter>Resource Files</Filter>
    </Image>
    <Image Include="resources\images\card_pictures\blackberry.png">
      <Filter>Resource Files</Filter>
    </Image>
    <Image Include="resources\images\card_pictures\blueberry.png">
      <Filter>Resource Files</Filter>
    </Image>
    <Image Include="resources\images\cardcc.png">
      <Filter>Resource Files</Filter>
    </Image>
    <Image Include="resources\images\cardExample.png">
      <Filter>Resource Files</Filter>
    </Image>
    <Image Include="resources\images\splash_screen2.png">
      <Filter>Resource Files</Filter>
    </Image>
    <Image Include="resources\images\icons\icon_attack.png">
      <Filter>Resource Files</Filter>
    </Image>
    <Image Include="resources\images\icons\icon_cost.png">
      <Filter>Resource Files</Filter>
    </Image>
    <Image Include="resources\images\icons\icon_defence.png">
      <Filter>Resource Files</Filter>
    </Image>
    <Image Include="resources\images\icons\icon_power.png">
      <Filter>Resource Files</Filter>
    </Image>
  </ItemGroup>
</Project>